
Microsoft Visual Studio Solution File, Format Version 12.00
# Visual Studio Version 16
VisualStudioVersion = 16.0.31624.102
MinimumVisualStudioVersion = 10.0.40219.1
Project("{FAE04EC0-301F-11D3-BF4B-00C04F79EFBC}") = "q21", "q21\q21.csproj", "{2651473B-10FD-47E9-936B-9F6212F42E2A}"
EndProject
Global
	GlobalSection(SolutionConfigurationPlatforms) = preSolution
		Debug|Any CPU = Debug|Any CPU
		Release|Any CPU = Release|Any CPU
	EndGlobalSection
	GlobalSection(ProjectConfigurationPlatforms) = postSolution
		{2651473B-10FD-47E9-936B-9F6212F42E2A}.Debug|Any CPU.ActiveCfg = Debug|Any CPU
		{2651473B-10FD-47E9-936B-9F6212F42E2A}.Debug|Any CPU.Build.0 = Debug|Any CPU
		{2651473B-10FD-47E9-936B-9F6212F42E2A}.Release|Any CPU.ActiveCfg = Release|Any CPU
		{2651473B-10FD-47E9-936B-9F6212F42E2A}.Release|Any CPU.Build.0 = Release|Any CPU
	EndGlobalSection
	GlobalSection(SolutionProperties) = preSolution
		HideSolutionNode = FALSE
	EndGlobalSection
	GlobalSection(ExtensibilityGlobals) = postSolution
		SolutionGuid = {A738DBAA-308E-44F3-84BD-60421A633B1B}
	EndGlobalSection
EndGlobal
