
Microsoft Visual Studio Solution File, Format Version 12.00
# Visual Studio Version 16
VisualStudioVersion = 16.0.31624.102
MinimumVisualStudioVersion = 10.0.40219.1
Project("{FAE04EC0-301F-11D3-BF4B-00C04F79EFBC}") = "q32", "q32\q32.csproj", "{A5FF439E-DF98-4718-B53D-163CC5622CE1}"
EndProject
Global
	GlobalSection(SolutionConfigurationPlatforms) = preSolution
		Debug|Any CPU = Debug|Any CPU
		Release|Any CPU = Release|Any CPU
	EndGlobalSection
	GlobalSection(ProjectConfigurationPlatforms) = postSolution
		{A5FF439E-DF98-4718-B53D-163CC5622CE1}.Debug|Any CPU.ActiveCfg = Debug|Any CPU
		{A5FF439E-DF98-4718-B53D-163CC5622CE1}.Debug|Any CPU.Build.0 = Debug|Any CPU
		{A5FF439E-DF98-4718-B53D-163CC5622CE1}.Release|Any CPU.ActiveCfg = Release|Any CPU
		{A5FF439E-DF98-4718-B53D-163CC5622CE1}.Release|Any CPU.Build.0 = Release|Any CPU
	EndGlobalSection
	GlobalSection(SolutionProperties) = preSolution
		HideSolutionNode = FALSE
	EndGlobalSection
	GlobalSection(ExtensibilityGlobals) = postSolution
		SolutionGuid = {ED3D037D-848A-4ADD-BFAC-D7592CE7443C}
	EndGlobalSection
EndGlobal
